
Microsoft Visual Studio Solution File, Format Version 12.00
# Visual Studio Version 16
VisualStudioVersion = 16.0.30711.63
MinimumVisualStudioVersion = 10.0.40219.1
Project("{9A19103F-16F7-4668-BE54-9A1E7A4F7556}") = "Library.Services", "Library.Services\Library.Services.csproj", "{220DB478-91D5-43B4-80A1-E653D099ACCD}"
EndProject
Project("{FAE04EC0-301F-11D3-BF4B-00C04F79EFBC}") = "Library.Data", "Library.Data\Library.Data.csproj", "{93B3293C-F7E1-44FA-B2A5-2642F672050A}"
EndProject
Global
	GlobalSection(SolutionConfigurationPlatforms) = preSolution
		Debug|Any CPU = Debug|Any CPU
		Release|Any CPU = Release|Any CPU
	EndGlobalSection
	GlobalSection(ProjectConfigurationPlatforms) = postSolution
		{220DB478-91D5-43B4-80A1-E653D099ACCD}.Debug|Any CPU.ActiveCfg = Debug|Any CPU
		{220DB478-91D5-43B4-80A1-E653D099ACCD}.Debug|Any CPU.Build.0 = Debug|Any CPU
		{220DB478-91D5-43B4-80A1-E653D099ACCD}.Release|Any CPU.ActiveCfg = Release|Any CPU
		{220DB478-91D5-43B4-80A1-E653D099ACCD}.Release|Any CPU.Build.0 = Release|Any CPU
		{93B3293C-F7E1-44FA-B2A5-2642F672050A}.Debug|Any CPU.ActiveCfg = Debug|Any CPU
		{93B3293C-F7E1-44FA-B2A5-2642F672050A}.Debug|Any CPU.Build.0 = Debug|Any CPU
		{93B3293C-F7E1-44FA-B2A5-2642F672050A}.Release|Any CPU.ActiveCfg = Release|Any CPU
		{93B3293C-F7E1-44FA-B2A5-2642F672050A}.Release|Any CPU.Build.0 = Release|Any CPU
	EndGlobalSection
	GlobalSection(SolutionProperties) = preSolution
		HideSolutionNode = FALSE
	EndGlobalSection
	GlobalSection(ExtensibilityGlobals) = postSolution
		SolutionGuid = {A940AAA4-5510-478F-B7B5-B0A3180D74D3}
	EndGlobalSection
EndGlobal
